
Microsoft Visual Studio Solution File, Format Version 12.00
# Visual Studio 16
Project("{FAE04EC0-301F-11D3-BF4B-00C04F79EFBC}") = "Assembly-CSharp", "Assembly-CSharp.csproj", "{CF61E6EB-7535-9ACF-FD62-7C78FA2E11F3}"
EndProject
Project("{FAE04EC0-301F-11D3-BF4B-00C04F79EFBC}") = "Assembly-CSharp-firstpass", "Assembly-CSharp-firstpass.csproj", "{3FA59B07-C07A-246E-3B8B-16C846DB5178}"
EndProject
Project("{FAE04EC0-301F-11D3-BF4B-00C04F79EFBC}") = "Assembly-CSharp-Editor-firstpass", "Assembly-CSharp-Editor-firstpass.csproj", "{C1025400-84A3-7C8A-2385-711273E98BBE}"
EndProject
Global
	GlobalSection(SolutionConfigurationPlatforms) = preSolution
		Debug|Any CPU = Debug|Any CPU
		Release|Any CPU = Release|Any CPU
	EndGlobalSection
	GlobalSection(ProjectConfigurationPlatforms) = postSolution
		{CF61E6EB-7535-9ACF-FD62-7C78FA2E11F3}.Debug|Any CPU.ActiveCfg = Debug|Any CPU
		{CF61E6EB-7535-9ACF-FD62-7C78FA2E11F3}.Debug|Any CPU.Build.0 = Debug|Any CPU
		{CF61E6EB-7535-9ACF-FD62-7C78FA2E11F3}.Release|Any CPU.ActiveCfg = Release|Any CPU
		{CF61E6EB-7535-9ACF-FD62-7C78FA2E11F3}.Release|Any CPU.Build.0 = Release|Any CPU
		{3FA59B07-C07A-246E-3B8B-16C846DB5178}.Debug|Any CPU.ActiveCfg = Debug|Any CPU
		{3FA59B07-C07A-246E-3B8B-16C846DB5178}.Debug|Any CPU.Build.0 = Debug|Any CPU
		{3FA59B07-C07A-246E-3B8B-16C846DB5178}.Release|Any CPU.ActiveCfg = Release|Any CPU
		{3FA59B07-C07A-246E-3B8B-16C846DB5178}.Release|Any CPU.Build.0 = Release|Any CPU
		{C1025400-84A3-7C8A-2385-711273E98BBE}.Debug|Any CPU.ActiveCfg = Debug|Any CPU
		{C1025400-84A3-7C8A-2385-711273E98BBE}.Debug|Any CPU.Build.0 = Debug|Any CPU
		{C1025400-84A3-7C8A-2385-711273E98BBE}.Release|Any CPU.ActiveCfg = Release|Any CPU
		{C1025400-84A3-7C8A-2385-711273E98BBE}.Release|Any CPU.Build.0 = Release|Any CPU
	EndGlobalSection
	GlobalSection(SolutionProperties) = preSolution
		HideSolutionNode = FALSE
	EndGlobalSection
	GlobalSection(MonoDevelopProperties) = preSolution
		StartupItem = Assembly-CSharp.csproj
	EndGlobalSection
EndGlobal
